Microsoft Visual Studio Solution File, Format Version 12.00
# Visual Studio 2012
Project("{FAE04EC0-301F-11D3-BF4B-00C04F79EFBC}") = "Fast Traffic", "Fast Traffic.csproj", "{56800936-93B0-4A4E-A11A-EA0A186F4BEE}"
EndProject
Global
	GlobalSection(SolutionConfigurationPlatforms) = preSolution
	Debug|Any CPU = Debug|Any CPU
	ExportDebug|Any CPU = ExportDebug|Any CPU
	ExportRelease|Any CPU = ExportRelease|Any CPU
	EndGlobalSection
	GlobalSection(ProjectConfigurationPlatforms) = postSolution
		{56800936-93B0-4A4E-A11A-EA0A186F4BEE}.Debug|Any CPU.ActiveCfg = Debug|Any CPU
		{56800936-93B0-4A4E-A11A-EA0A186F4BEE}.Debug|Any CPU.Build.0 = Debug|Any CPU
		{56800936-93B0-4A4E-A11A-EA0A186F4BEE}.ExportDebug|Any CPU.ActiveCfg = ExportDebug|Any CPU
		{56800936-93B0-4A4E-A11A-EA0A186F4BEE}.ExportDebug|Any CPU.Build.0 = ExportDebug|Any CPU
		{56800936-93B0-4A4E-A11A-EA0A186F4BEE}.ExportRelease|Any CPU.ActiveCfg = ExportRelease|Any CPU
		{56800936-93B0-4A4E-A11A-EA0A186F4BEE}.ExportRelease|Any CPU.Build.0 = ExportRelease|Any CPU
	EndGlobalSection
EndGlobal
